
Microsoft Visual Studio Solution File, Format Version 12.00
# Visual Studio Version 17
VisualStudioVersion = 17.13.35507.96 d17.13
MinimumVisualStudioVersion = 10.0.40219.1
Project("{FAE04EC0-301F-11D3-BF4B-00C04F79EFBC}") = "dotnet-infoleg", "src\dotnet-infoleg\dotnet-infoleg.csproj", "{DB86D9A6-75C2-52CD-310B-764761DD39E7}"
EndProject
Project("{FAE04EC0-301F-11D3-BF4B-00C04F79EFBC}") = "Tests", "src\Tests\Tests.csproj", "{F9698E0A-C16D-407A-B3D0-60CC075B28A7}"
EndProject
Project("{FAE04EC0-301F-11D3-BF4B-00C04F79EFBC}") = "Infoleg", "src\Infoleg\Infoleg.csproj", "{303D816A-B1AD-4C1B-8481-A319721DCE75}"
EndProject
Global
	GlobalSection(SolutionConfigurationPlatforms) = preSolution
		Debug|Any CPU = Debug|Any CPU
		Release|Any CPU = Release|Any CPU
	EndGlobalSection
	GlobalSection(ProjectConfigurationPlatforms) = postSolution
		{DB86D9A6-75C2-52CD-310B-764761DD39E7}.Debug|Any CPU.ActiveCfg = Debug|Any CPU
		{DB86D9A6-75C2-52CD-310B-764761DD39E7}.Debug|Any CPU.Build.0 = Debug|Any CPU
		{DB86D9A6-75C2-52CD-310B-764761DD39E7}.Release|Any CPU.ActiveCfg = Release|Any CPU
		{DB86D9A6-75C2-52CD-310B-764761DD39E7}.Release|Any CPU.Build.0 = Release|Any CPU
		{F9698E0A-C16D-407A-B3D0-60CC075B28A7}.Debug|Any CPU.ActiveCfg = Debug|Any CPU
		{F9698E0A-C16D-407A-B3D0-60CC075B28A7}.Debug|Any CPU.Build.0 = Debug|Any CPU
		{F9698E0A-C16D-407A-B3D0-60CC075B28A7}.Release|Any CPU.ActiveCfg = Release|Any CPU
		{F9698E0A-C16D-407A-B3D0-60CC075B28A7}.Release|Any CPU.Build.0 = Release|Any CPU
		{303D816A-B1AD-4C1B-8481-A319721DCE75}.Debug|Any CPU.ActiveCfg = Debug|Any CPU
		{303D816A-B1AD-4C1B-8481-A319721DCE75}.Debug|Any CPU.Build.0 = Debug|Any CPU
		{303D816A-B1AD-4C1B-8481-A319721DCE75}.Release|Any CPU.ActiveCfg = Release|Any CPU
		{303D816A-B1AD-4C1B-8481-A319721DCE75}.Release|Any CPU.Build.0 = Release|Any CPU
	EndGlobalSection
	GlobalSection(SolutionProperties) = preSolution
		HideSolutionNode = FALSE
	EndGlobalSection
	GlobalSection(ExtensibilityGlobals) = postSolution
		SolutionGuid = {D103CE8D-A9A7-40BF-854D-03CD0056BF6A}
	EndGlobalSection
EndGlobal
